
Microsoft Visual Studio Solution File, Format Version 12.00
# Visual Studio Version 17
VisualStudioVersion = 17.8.34330.188
MinimumVisualStudioVersion = 10.0.40219.1
Project("{9A19103F-16F7-4668-BE54-9A1E7A4F7556}") = "DeadlockRelief", "DeadlockRelief.csproj", "{AFF40AC5-BFF4-46B0-A164-7ED90B28E741}"
EndProject
Global
	GlobalSection(SolutionConfigurationPlatforms) = preSolution
		Debug|Any CPU = Debug|Any CPU
		Release|Any CPU = Release|Any CPU
	EndGlobalSection
	GlobalSection(ProjectConfigurationPlatforms) = postSolution
		{AFF40AC5-BFF4-46B0-A164-7ED90B28E741}.Debug|Any CPU.ActiveCfg = Debug|Any CPU
		{AFF40AC5-BFF4-46B0-A164-7ED90B28E741}.Debug|Any CPU.Build.0 = Debug|Any CPU
		{AFF40AC5-BFF4-46B0-A164-7ED90B28E741}.Release|Any CPU.ActiveCfg = Release|Any CPU
		{AFF40AC5-BFF4-46B0-A164-7ED90B28E741}.Release|Any CPU.Build.0 = Release|Any CPU
	EndGlobalSection
	GlobalSection(SolutionProperties) = preSolution
		HideSolutionNode = FALSE
	EndGlobalSection
	GlobalSection(ExtensibilityGlobals) = postSolution
		SolutionGuid = {7E8FEF26-4DF7-4638-87C8-FFB94350105B}
	EndGlobalSection
EndGlobal
